
Microsoft Visual Studio Solution File, Format Version 12.00
# Visual Studio Version 16
VisualStudioVersion = 16.0.31205.134
MinimumVisualStudioVersion = 10.0.40219.1
Project("{9A19103F-16F7-4668-BE54-9A1E7A4F7556}") = "CatalogoMVC", "CatalogoMVC\CatalogoMVC.csproj", "{19D77508-7D16-4727-8353-2DC9BB35F659}"
EndProject
Project("{FAE04EC0-301F-11D3-BF4B-00C04F79EFBC}") = "ApiCatalogo", "ApiCatalogo\ApiCatalogo.csproj", "{6DDC8257-FD5E-43B9-A8ED-83DBFBA99B13}"
	ProjectSection(ProjectDependencies) = postProject
		{19D77508-7D16-4727-8353-2DC9BB35F659} = {19D77508-7D16-4727-8353-2DC9BB35F659}
	EndProjectSection
EndProject
Global
	GlobalSection(SolutionConfigurationPlatforms) = preSolution
		Debug|Any CPU = Debug|Any CPU
		Release|Any CPU = Release|Any CPU
	EndGlobalSection
	GlobalSection(ProjectConfigurationPlatforms) = postSolution
		{19D77508-7D16-4727-8353-2DC9BB35F659}.Debug|Any CPU.ActiveCfg = Debug|Any CPU
		{19D77508-7D16-4727-8353-2DC9BB35F659}.Debug|Any CPU.Build.0 = Debug|Any CPU
		{19D77508-7D16-4727-8353-2DC9BB35F659}.Release|Any CPU.ActiveCfg = Release|Any CPU
		{19D77508-7D16-4727-8353-2DC9BB35F659}.Release|Any CPU.Build.0 = Release|Any CPU
		{6DDC8257-FD5E-43B9-A8ED-83DBFBA99B13}.Debug|Any CPU.ActiveCfg = Debug|Any CPU
		{6DDC8257-FD5E-43B9-A8ED-83DBFBA99B13}.Debug|Any CPU.Build.0 = Debug|Any CPU
		{6DDC8257-FD5E-43B9-A8ED-83DBFBA99B13}.Release|Any CPU.ActiveCfg = Release|Any CPU
		{6DDC8257-FD5E-43B9-A8ED-83DBFBA99B13}.Release|Any CPU.Build.0 = Release|Any CPU
	EndGlobalSection
	GlobalSection(SolutionProperties) = preSolution
		HideSolutionNode = FALSE
	EndGlobalSection
	GlobalSection(ExtensibilityGlobals) = postSolution
		SolutionGuid = {2DC40AEB-B097-4CE1-A494-FAC2281F79BF}
	EndGlobalSection
EndGlobal
